
Microsoft Visual Studio Solution File, Format Version 12.00
# Visual Studio Version 16
VisualStudioVersion = 16.0.30114.105
MinimumVisualStudioVersion = 10.0.40219.1
Project("{FAE04EC0-301F-11D3-BF4B-00C04F79EFBC}") = "SaoBento.Infra", "SaoBento.Infra\SaoBento.Infra.csproj", "{B408BC98-1300-419E-9D1B-A3B23E31AAA3}"
EndProject
Project("{FAE04EC0-301F-11D3-BF4B-00C04F79EFBC}") = "SaoBento.Dominio", "SaoBento.Dominio\SaoBento.Dominio.csproj", "{A013216D-E99A-48D4-8336-F5E921B62EC0}"
EndProject
Global
	GlobalSection(SolutionConfigurationPlatforms) = preSolution
		Debug|Any CPU = Debug|Any CPU
		Release|Any CPU = Release|Any CPU
	EndGlobalSection
	GlobalSection(SolutionProperties) = preSolution
		HideSolutionNode = FALSE
	EndGlobalSection
	GlobalSection(ProjectConfigurationPlatforms) = postSolution
		{B408BC98-1300-419E-9D1B-A3B23E31AAA3}.Debug|Any CPU.ActiveCfg = Debug|Any CPU
		{B408BC98-1300-419E-9D1B-A3B23E31AAA3}.Debug|Any CPU.Build.0 = Debug|Any CPU
		{B408BC98-1300-419E-9D1B-A3B23E31AAA3}.Release|Any CPU.ActiveCfg = Release|Any CPU
		{B408BC98-1300-419E-9D1B-A3B23E31AAA3}.Release|Any CPU.Build.0 = Release|Any CPU
		{A013216D-E99A-48D4-8336-F5E921B62EC0}.Debug|Any CPU.ActiveCfg = Debug|Any CPU
		{A013216D-E99A-48D4-8336-F5E921B62EC0}.Debug|Any CPU.Build.0 = Debug|Any CPU
		{A013216D-E99A-48D4-8336-F5E921B62EC0}.Release|Any CPU.ActiveCfg = Release|Any CPU
		{A013216D-E99A-48D4-8336-F5E921B62EC0}.Release|Any CPU.Build.0 = Release|Any CPU
	EndGlobalSection
EndGlobal
